
Microsoft Visual Studio Solution File, Format Version 12.00
# Visual Studio 15
VisualStudioVersion = 15.0.28010.2041
MinimumVisualStudioVersion = 10.0.40219.1
Project("{FAE04EC0-301F-11D3-BF4B-00C04F79EFBC}") = "ButtonCounter", "ButtonCounter\ButtonCounter.csproj", "{65314ABB-A8BC-4C32-ADA0-475E792310A3}"
EndProject
Global
	GlobalSection(SolutionConfigurationPlatforms) = preSolution
		Debug|Any CPU = Debug|Any CPU
		Release|Any CPU = Release|Any CPU
	EndGlobalSection
	GlobalSection(ProjectConfigurationPlatforms) = postSolution
		{65314ABB-A8BC-4C32-ADA0-475E792310A3}.Debug|Any CPU.ActiveCfg = Debug|Any CPU
		{65314ABB-A8BC-4C32-ADA0-475E792310A3}.Debug|Any CPU.Build.0 = Debug|Any CPU
		{65314ABB-A8BC-4C32-ADA0-475E792310A3}.Release|Any CPU.ActiveCfg = Release|Any CPU
		{65314ABB-A8BC-4C32-ADA0-475E792310A3}.Release|Any CPU.Build.0 = Release|Any CPU
	EndGlobalSection
	GlobalSection(SolutionProperties) = preSolution
		HideSolutionNode = FALSE
	EndGlobalSection
	GlobalSection(ExtensibilityGlobals) = postSolution
		SolutionGuid = {78BB6609-EB3B-4850-980E-4F6332132D33}
	EndGlobalSection
EndGlobal
